
Microsoft Visual Studio Solution File, Format Version 12.00
# Visual Studio Version 16
VisualStudioVersion = 16.0.29009.5
MinimumVisualStudioVersion = 10.0.40219.1
Project("{FAE04EC0-301F-11D3-BF4B-00C04F79EFBC}") = "HeroesServiceTest", "HeroesServiceTest.csproj", "{02E95EE7-9046-4A85-90D5-8F7DC3DF175D}"
EndProject
Project("{9A19103F-16F7-4668-BE54-9A1E7A4F7556}") = "HeroesApi", "..\..\HeroesApi\HeroesApi\HeroesApi.csproj", "{534593CA-DE95-42A2-80D1-DF2C642EAF09}"
EndProject
Global
	GlobalSection(SolutionConfigurationPlatforms) = preSolution
		Debug|Any CPU = Debug|Any CPU
		Release|Any CPU = Release|Any CPU
	EndGlobalSection
	GlobalSection(ProjectConfigurationPlatforms) = postSolution
		{02E95EE7-9046-4A85-90D5-8F7DC3DF175D}.Debug|Any CPU.ActiveCfg = Debug|Any CPU
		{02E95EE7-9046-4A85-90D5-8F7DC3DF175D}.Debug|Any CPU.Build.0 = Debug|Any CPU
		{02E95EE7-9046-4A85-90D5-8F7DC3DF175D}.Release|Any CPU.ActiveCfg = Release|Any CPU
		{02E95EE7-9046-4A85-90D5-8F7DC3DF175D}.Release|Any CPU.Build.0 = Release|Any CPU
		{534593CA-DE95-42A2-80D1-DF2C642EAF09}.Debug|Any CPU.ActiveCfg = Debug|Any CPU
		{534593CA-DE95-42A2-80D1-DF2C642EAF09}.Debug|Any CPU.Build.0 = Debug|Any CPU
		{534593CA-DE95-42A2-80D1-DF2C642EAF09}.Release|Any CPU.ActiveCfg = Release|Any CPU
		{534593CA-DE95-42A2-80D1-DF2C642EAF09}.Release|Any CPU.Build.0 = Release|Any CPU
	EndGlobalSection
	GlobalSection(SolutionProperties) = preSolution
		HideSolutionNode = FALSE
	EndGlobalSection
	GlobalSection(ExtensibilityGlobals) = postSolution
		SolutionGuid = {F7A44B1F-7089-4304-9E73-DE21EDB4CDF2}
	EndGlobalSection
EndGlobal
